
Microsoft Visual Studio Solution File, Format Version 12.00
# Visual Studio Version 16
VisualStudioVersion = 16.0.29503.13
MinimumVisualStudioVersion = 10.0.40219.1
Project("{9A19103F-16F7-4668-BE54-9A1E7A4F7556}") = "WebApi", "WebApi.csproj", "{2B59F249-05B8-4451-BED2-6A91B56489B7}"
EndProject
Global
	GlobalSection(SolutionConfigurationPlatforms) = preSolution
		Debug|Any CPU = Debug|Any CPU
		Release|Any CPU = Release|Any CPU
	EndGlobalSection
	GlobalSection(ProjectConfigurationPlatforms) = postSolution
		{2B59F249-05B8-4451-BED2-6A91B56489B7}.Debug|Any CPU.ActiveCfg = Debug|Any CPU
		{2B59F249-05B8-4451-BED2-6A91B56489B7}.Debug|Any CPU.Build.0 = Debug|Any CPU
		{2B59F249-05B8-4451-BED2-6A91B56489B7}.Release|Any CPU.ActiveCfg = Release|Any CPU
		{2B59F249-05B8-4451-BED2-6A91B56489B7}.Release|Any CPU.Build.0 = Release|Any CPU
	EndGlobalSection
	GlobalSection(SolutionProperties) = preSolution
		HideSolutionNode = FALSE
	EndGlobalSection
	GlobalSection(ExtensibilityGlobals) = postSolution
		SolutionGuid = {5EF10CAB-8DB4-470A-A661-30AA03FAC4E6}
	EndGlobalSection
EndGlobal
